// !$*UTF8*$!
{
	archiveVersion = 1;
	classes = {
	};
	objectVersion = 55;
	objects = {

/* Begin PBXBuildFile section */
		22E4DC1EBE04DD7194609B0B /* Pods_NoteFind_NoteFindUITests.framework in Frameworks */ = {isa = PBXBuildFile; fileRef = 910F4DAD409AE04503A054CC /* Pods_NoteFind_NoteFindUITests.framework */; };
		3F682E59AD8103B7A30DBD2B /* Pods_NoteFind.framework in Frameworks */ = {isa = PBXBuildFile; fileRef = F2B106584A70E4BBA992621B /* Pods_NoteFind.framework */; };
		A22A03E60D145B7928407E28 /* Pods_NoteFindTests.framework in Frameworks */ = {isa = PBXBuildFile; fileRef = F23C73B2235FE0FD72A4CFB2 /* Pods_NoteFindTests.framework */; };
		EE285DC028761B5100BC7FF0 /* ProfileViewController.m in Sources */ = {isa = PBXBuildFile; fileRef = EE285DBF28761B5100BC7FF0 /* ProfileViewController.m */; };
		EE285DC328761B5C00BC7FF0 /* SearchViewController.m in Sources */ = {isa = PBXBuildFile; fileRef = EE285DC228761B5C00BC7FF0 /* SearchViewController.m */; };
		EE285DC628761B7000BC7FF0 /* FeedViewController.m in Sources */ = {isa = PBXBuildFile; fileRef = EE285DC528761B7000BC7FF0 /* FeedViewController.m */; };
		EE4FB1B0288224EB00B3429B /* CameraImport.m in Sources */ = {isa = PBXBuildFile; fileRef = EE4FB1AF288224EB00B3429B /* CameraImport.m */; };
		EE6E4BC7287CEF3200FC068D /* Book.m in Sources */ = {isa = PBXBuildFile; fileRef = EE6E4BC6287CEF3200FC068D /* Book.m */; };
		EE6E869B287769AD0044F65F /* APIManager.m in Sources */ = {isa = PBXBuildFile; fileRef = EE6E869A287769AD0044F65F /* APIManager.m */; };
		EE6E869D287780AD0044F65F /* keys.plist in Resources */ = {isa = PBXBuildFile; fileRef = EE6E869C287780AD0044F65F /* keys.plist */; };
		EE6E86A32878A1B80044F65F /* Note.m in Sources */ = {isa = PBXBuildFile; fileRef = EE6E86A22878A1B80044F65F /* Note.m */; };
		EE6E86A62878A76A0044F65F /* NoteCell.m in Sources */ = {isa = PBXBuildFile; fileRef = EE6E86A52878A76A0044F65F /* NoteCell.m */; };
		EE6E86A92878A7D00044F65F /* NewNoteViewController.m in Sources */ = {isa = PBXBuildFile; fileRef = EE6E86A82878A7D00044F65F /* NewNoteViewController.m */; };
		EE6E86AC2878AEFE0044F65F /* TagsViewController.m in Sources */ = {isa = PBXBuildFile; fileRef = EE6E86AB2878AEFE0044F65F /* TagsViewController.m */; };
		EE6E86AF2878AF200044F65F /* TagCell.m in Sources */ = {isa = PBXBuildFile; fileRef = EE6E86AE2878AF200044F65F /* TagCell.m */; };
		EE6E86B22878D7ED0044F65F /* Tags.m in Sources */ = {isa = PBXBuildFile; fileRef = EE6E86B12878D7ED0044F65F /* Tags.m */; };
		EEA455A72874C79C00261F9C /* AppDelegate.m in Sources */ = {isa = PBXBuildFile; fileRef = EEA455A62874C79C00261F9C /* AppDelegate.m */; };
		EEA455AA2874C79C00261F9C /* SceneDelegate.m in Sources */ = {isa = PBXBuildFile; fileRef = EEA455A92874C79C00261F9C /* SceneDelegate.m */; };
		EEA455B02874C79C00261F9C /* Main.storyboard in Resources */ = {isa = PBXBuildFile; fileRef = EEA455AE2874C79C00261F9C /* Main.storyboard */; };
		EEA455B22874C79C00261F9C /* Assets.xcassets in Resources */ = {isa = PBXBuildFile; fileRef = EEA455B12874C79C00261F9C /* Assets.xcassets */; };
		EEA455B52874C79C00261F9C /* LaunchScreen.storyboard in Resources */ = {isa = PBXBuildFile; fileRef = EEA455B32874C79C00261F9C /* LaunchScreen.storyboard */; };
		EEA455B82874C79C00261F9C /* main.m in Sources */ = {isa = PBXBuildFile; fileRef = EEA455B72874C79C00261F9C /* main.m */; };
		EEA455C22874C79C00261F9C /* NoteFindTests.m in Sources */ = {isa = PBXBuildFile; fileRef = EEA455C12874C79C00261F9C /* NoteFindTests.m */; };
		EEA455CC2874C79C00261F9C /* NoteFindUITests.m in Sources */ = {isa = PBXBuildFile; fileRef = EEA455CB2874C79C00261F9C /* NoteFindUITests.m */; };
		EEA455CE2874C79C00261F9C /* NoteFindUITestsLaunchTests.m in Sources */ = {isa = PBXBuildFile; fileRef = EEA455CD2874C79C00261F9C /* NoteFindUITestsLaunchTests.m */; };
		EEA455E12874DE2300261F9C /* LoginViewController.m in Sources */ = {isa = PBXBuildFile; fileRef = EEA455E02874DE2300261F9C /* LoginViewController.m */; };
		EEA455E42874E06F00261F9C /* RegisterViewController.m in Sources */ = {isa = PBXBuildFile; fileRef = EEA455E32874E06F00261F9C /* RegisterViewController.m */; };
		EEEAC5B1287DF57D00A8659B /* TextbookViewController.m in Sources */ = {isa = PBXBuildFile; fileRef = EEEAC5B0287DF57D00A8659B /* TextbookViewController.m */; };
		EEEAC5B4287DF6C600A8659B /* BookCell.m in Sources */ = {isa = PBXBuildFile; fileRef = EEEAC5B3287DF6C600A8659B /* BookCell.m */; };
/* End PBXBuildFile section */

/* Begin PBXContainerItemProxy section */
		EEA455BE2874C79C00261F9C /* PBXContainerItemProxy */ = {
			isa = PBXContainerItemProxy;
			containerPortal = EEA4559A2874C79C00261F9C /* Project object */;
			proxyType = 1;
			remoteGlobalIDString = EEA455A12874C79C00261F9C;
			remoteInfo = NoteFind;
		};
		EEA455C82874C79C00261F9C /* PBXContainerItemProxy */ = {
			isa = PBXContainerItemProxy;
			containerPortal = EEA4559A2874C79C00261F9C /* Project object */;
			proxyType = 1;
			remoteGlobalIDString = EEA455A12874C79C00261F9C;
			remoteInfo = NoteFind;
		};
/* End PBXContainerItemProxy section */

/* Begin PBXFileReference section */
		1D14BD2007082E5D83D496FE /* Pods-NoteFind-NoteFindUITests.release.xcconfig */ = {isa = PBXFileReference; includeInIndex = 1; lastKnownFileType = text.xcconfig; name = "Pods-NoteFind-NoteFindUITests.release.xcconfig"; path = "Target Support Files/Pods-NoteFind-NoteFindUITests/Pods-NoteFind-NoteFindUITests.release.xcconfig"; sourceTree = "<group>"; };
		4EA8B15E620C3FF3583D0623 /* Pods-NoteFindTests.release.xcconfig */ = {isa = PBXFileReference; includeInIndex = 1; lastKnownFileType = text.xcconfig; name = "Pods-NoteFindTests.release.xcconfig"; path = "Target Support Files/Pods-NoteFindTests/Pods-NoteFindTests.release.xcconfig"; sourceTree = "<group>"; };
		56762DA24DC49F5F0CBAB6E6 /* Pods-NoteFindTests.debug.xcconfig */ = {isa = PBXFileReference; includeInIndex = 1; lastKnownFileType = text.xcconfig; name = "Pods-NoteFindTests.debug.xcconfig"; path = "Target Support Files/Pods-NoteFindTests/Pods-NoteFindTests.debug.xcconfig"; sourceTree = "<group>"; };
		6631E7301B2BA5F36119E176 /* Pods-NoteFind.debug.xcconfig */ = {isa = PBXFileReference; includeInIndex = 1; lastKnownFileType = text.xcconfig; name = "Pods-NoteFind.debug.xcconfig"; path = "Target Support Files/Pods-NoteFind/Pods-NoteFind.debug.xcconfig"; sourceTree = "<group>"; };
		910F4DAD409AE04503A054CC /* Pods_NoteFind_NoteFindUITests.framework */ = {isa = PBXFileReference; explicitFileType = wrapper.framework; includeInIndex = 0; path = Pods_NoteFind_NoteFindUITests.framework; sourceTree = BUILT_PRODUCTS_DIR; };
		D41CFF7DBE38FA618F7A6DE2 /* Pods-NoteFind-NoteFindUITests.debug.xcconfig */ = {isa = PBXFileReference; includeInIndex = 1; lastKnownFileType = text.xcconfig; name = "Pods-NoteFind-NoteFindUITests.debug.xcconfig"; path = "Target Support Files/Pods-NoteFind-NoteFindUITests/Pods-NoteFind-NoteFindUITests.debug.xcconfig"; sourceTree = "<group>"; };
		EE285DBE28761B5100BC7FF0 /* ProfileViewController.h */ = {isa = PBXFileReference; lastKnownFileType = sourcecode.c.h; path = ProfileViewController.h; sourceTree = "<group>"; };
		EE285DBF28761B5100BC7FF0 /* ProfileViewController.m */ = {isa = PBXFileReference; lastKnownFileType = sourcecode.c.objc; path = ProfileViewController.m; sourceTree = "<group>"; };
		EE285DC128761B5C00BC7FF0 /* SearchViewController.h */ = {isa = PBXFileReference; lastKnownFileType = sourcecode.c.h; path = SearchViewController.h; sourceTree = "<group>"; };
		EE285DC228761B5C00BC7FF0 /* SearchViewController.m */ = {isa = PBXFileReference; lastKnownFileType = sourcecode.c.objc; path = SearchViewController.m; sourceTree = "<group>"; };
		EE285DC428761B7000BC7FF0 /* FeedViewController.h */ = {isa = PBXFileReference; lastKnownFileType = sourcecode.c.h; path = FeedViewController.h; sourceTree = "<group>"; };
		EE285DC528761B7000BC7FF0 /* FeedViewController.m */ = {isa = PBXFileReference; lastKnownFileType = sourcecode.c.objc; path = FeedViewController.m; sourceTree = "<group>"; };
		EE4FB1A628821AF600B3429B /* ImportDelegate.h */ = {isa = PBXFileReference; lastKnownFileType = sourcecode.c.h; path = ImportDelegate.h; sourceTree = "<group>"; };
		EE4FB1AE288224EB00B3429B /* CameraImport.h */ = {isa = PBXFileReference; lastKnownFileType = sourcecode.c.h; path = CameraImport.h; sourceTree = "<group>"; };
		EE4FB1AF288224EB00B3429B /* CameraImport.m */ = {isa = PBXFileReference; lastKnownFileType = sourcecode.c.objc; path = CameraImport.m; sourceTree = "<group>"; };
		EE6E4BC5287CEF3200FC068D /* Book.h */ = {isa = PBXFileReference; lastKnownFileType = sourcecode.c.h; path = Book.h; sourceTree = "<group>"; };
		EE6E4BC6287CEF3200FC068D /* Book.m */ = {isa = PBXFileReference; lastKnownFileType = sourcecode.c.objc; path = Book.m; sourceTree = "<group>"; };
		EE6E8699287769AD0044F65F /* APIManager.h */ = {isa = PBXFileReference; lastKnownFileType = sourcecode.c.h; path = APIManager.h; sourceTree = "<group>"; };
		EE6E869A287769AD0044F65F /* APIManager.m */ = {isa = PBXFileReference; lastKnownFileType = sourcecode.c.objc; path = APIManager.m; sourceTree = "<group>"; };
		EE6E869C287780AD0044F65F /* keys.plist */ = {isa = PBXFileReference; lastKnownFileType = text.plist.xml; path = keys.plist; sourceTree = "<group>"; };
		EE6E86A12878A1B80044F65F /* Note.h */ = {isa = PBXFileReference; lastKnownFileType = sourcecode.c.h; path = Note.h; sourceTree = "<group>"; };
		EE6E86A22878A1B80044F65F /* Note.m */ = {isa = PBXFileReference; lastKnownFileType = sourcecode.c.objc; path = Note.m; sourceTree = "<group>"; };
		EE6E86A42878A76A0044F65F /* NoteCell.h */ = {isa = PBXFileReference; lastKnownFileType = sourcecode.c.h; path = NoteCell.h; sourceTree = "<group>"; };
		EE6E86A52878A76A0044F65F /* NoteCell.m */ = {isa = PBXFileReference; lastKnownFileType = sourcecode.c.objc; path = NoteCell.m; sourceTree = "<group>"; };
		EE6E86A72878A7D00044F65F /* NewNoteViewController.h */ = {isa = PBXFileReference; lastKnownFileType = sourcecode.c.h; path = NewNoteViewController.h; sourceTree = "<group>"; };
		EE6E86A82878A7D00044F65F /* NewNoteViewController.m */ = {isa = PBXFileReference; lastKnownFileType = sourcecode.c.objc; path = NewNoteViewController.m; sourceTree = "<group>"; };
		EE6E86AA2878AEFE0044F65F /* TagsViewController.h */ = {isa = PBXFileReference; lastKnownFileType = sourcecode.c.h; path = TagsViewController.h; sourceTree = "<group>"; };
		EE6E86AB2878AEFE0044F65F /* TagsViewController.m */ = {isa = PBXFileReference; lastKnownFileType = sourcecode.c.objc; path = TagsViewController.m; sourceTree = "<group>"; };
		EE6E86AD2878AF200044F65F /* TagCell.h */ = {isa = PBXFileReference; lastKnownFileType = sourcecode.c.h; path = TagCell.h; sourceTree = "<group>"; };
		EE6E86AE2878AF200044F65F /* TagCell.m */ = {isa = PBXFileReference; lastKnownFileType = sourcecode.c.objc; path = TagCell.m; sourceTree = "<group>"; };
		EE6E86B02878D7ED0044F65F /* Tags.h */ = {isa = PBXFileReference; lastKnownFileType = sourcecode.c.h; path = Tags.h; sourceTree = "<group>"; };
		EE6E86B12878D7ED0044F65F /* Tags.m */ = {isa = PBXFileReference; lastKnownFileType = sourcecode.c.objc; path = Tags.m; sourceTree = "<group>"; };
		EEA455A22874C79C00261F9C /* NoteFind.app */ = {isa = PBXFileReference; explicitFileType = wrapper.application; includeInIndex = 0; path = NoteFind.app; sourceTree = BUILT_PRODUCTS_DIR; };
		EEA455A52874C79C00261F9C /* AppDelegate.h */ = {isa = PBXFileReference; lastKnownFileType = sourcecode.c.h; path = AppDelegate.h; sourceTree = "<group>"; };
		EEA455A62874C79C00261F9C /* AppDelegate.m */ = {isa = PBXFileReference; lastKnownFileType = sourcecode.c.objc; path = AppDelegate.m; sourceTree = "<group>"; };
		EEA455A82874C79C00261F9C /* SceneDelegate.h */ = {isa = PBXFileReference; lastKnownFileType = sourcecode.c.h; path = SceneDelegate.h; sourceTree = "<group>"; };
		EEA455A92874C79C00261F9C /* SceneDelegate.m */ = {isa = PBXFileReference; lastKnownFileType = sourcecode.c.objc; path = SceneDelegate.m; sourceTree = "<group>"; };
		EEA455AF2874C79C00261F9C /* Base */ = {isa = PBXFileReference; lastKnownFileType = file.storyboard; name = Base; path = Base.lproj/Main.storyboard; sourceTree = "<group>"; };
		EEA455B12874C79C00261F9C /* Assets.xcassets */ = {isa = PBXFileReference; lastKnownFileType = folder.assetcatalog; path = Assets.xcassets; sourceTree = "<group>"; };
		EEA455B42874C79C00261F9C /* Base */ = {isa = PBXFileReference; lastKnownFileType = file.storyboard; name = Base; path = Base.lproj/LaunchScreen.storyboard; sourceTree = "<group>"; };
		EEA455B62874C79C00261F9C /* Info.plist */ = {isa = PBXFileReference; lastKnownFileType = text.plist.xml; path = Info.plist; sourceTree = "<group>"; };
		EEA455B72874C79C00261F9C /* main.m */ = {isa = PBXFileReference; lastKnownFileType = sourcecode.c.objc; path = main.m; sourceTree = "<group>"; };
		EEA455BD2874C79C00261F9C /* NoteFindTests.xctest */ = {isa = PBXFileReference; explicitFileType = wrapper.cfbundle; includeInIndex = 0; path = NoteFindTests.xctest; sourceTree = BUILT_PRODUCTS_DIR; };
		EEA455C12874C79C00261F9C /* NoteFindTests.m */ = {isa = PBXFileReference; lastKnownFileType = sourcecode.c.objc; path = NoteFindTests.m; sourceTree = "<group>"; };
		EEA455C72874C79C00261F9C /* NoteFindUITests.xctest */ = {isa = PBXFileReference; explicitFileType = wrapper.cfbundle; includeInIndex = 0; path = NoteFindUITests.xctest; sourceTree = BUILT_PRODUCTS_DIR; };
		EEA455CB2874C79C00261F9C /* NoteFindUITests.m */ = {isa = PBXFileReference; lastKnownFileType = sourcecode.c.objc; path = NoteFindUITests.m; sourceTree = "<group>"; };
		EEA455CD2874C79C00261F9C /* NoteFindUITestsLaunchTests.m */ = {isa = PBXFileReference; lastKnownFileType = sourcecode.c.objc; path = NoteFindUITestsLaunchTests.m; sourceTree = "<group>"; };
		EEA455DF2874DE2300261F9C /* LoginViewController.h */ = {isa = PBXFileReference; lastKnownFileType = sourcecode.c.h; path = LoginViewController.h; sourceTree = "<group>"; };
		EEA455E02874DE2300261F9C /* LoginViewController.m */ = {isa = PBXFileReference; lastKnownFileType = sourcecode.c.objc; path = LoginViewController.m; sourceTree = "<group>"; };
		EEA455E22874E06F00261F9C /* RegisterViewController.h */ = {isa = PBXFileReference; lastKnownFileType = sourcecode.c.h; path = RegisterViewController.h; sourceTree = "<group>"; };
		EEA455E32874E06F00261F9C /* RegisterViewController.m */ = {isa = PBXFileReference; lastKnownFileType = sourcecode.c.objc; path = RegisterViewController.m; sourceTree = "<group>"; };
		EEEAC5AF287DF57D00A8659B /* TextbookViewController.h */ = {isa = PBXFileReference; lastKnownFileType = sourcecode.c.h; path = TextbookViewController.h; sourceTree = "<group>"; };
		EEEAC5B0287DF57D00A8659B /* TextbookViewController.m */ = {isa = PBXFileReference; lastKnownFileType = sourcecode.c.objc; path = TextbookViewController.m; sourceTree = "<group>"; };
		EEEAC5B2287DF6C600A8659B /* BookCell.h */ = {isa = PBXFileReference; lastKnownFileType = sourcecode.c.h; path = BookCell.h; sourceTree = "<group>"; };
		EEEAC5B3287DF6C600A8659B /* BookCell.m */ = {isa = PBXFileReference; lastKnownFileType = sourcecode.c.objc; path = BookCell.m; sourceTree = "<group>"; };
		EEEAC5B5287E315600A8659B /* TransferDelegate.h */ = {isa = PBXFileReference; lastKnownFileType = sourcecode.c.h; path = TransferDelegate.h; sourceTree = "<group>"; };
		F23C73B2235FE0FD72A4CFB2 /* Pods_NoteFindTests.framework */ = {isa = PBXFileReference; explicitFileType = wrapper.framework; includeInIndex = 0; path = Pods_NoteFindTests.framework; sourceTree = BUILT_PRODUCTS_DIR; };
		F2B106584A70E4BBA992621B /* Pods_NoteFind.framework */ = {isa = PBXFileReference; explicitFileType = wrapper.framework; includeInIndex = 0; path = Pods_NoteFind.framework; sourceTree = BUILT_PRODUCTS_DIR; };
		F37D7FE5DC035AC93D161E51 /* Pods-NoteFind.release.xcconfig */ = {isa = PBXFileReference; includeInIndex = 1; lastKnownFileType = text.xcconfig; name = "Pods-NoteFind.release.xcconfig"; path = "Target Support Files/Pods-NoteFind/Pods-NoteFind.release.xcconfig"; sourceTree = "<group>"; };
/* End PBXFileReference section */

/* Begin PBXFrameworksBuildPhase section */
		EEA4559F2874C79C00261F9C /* Frameworks */ = {
			isa = PBXFrameworksBuildPhase;
			buildActionMask = 2147483647;
			files = (
				3F682E59AD8103B7A30DBD2B /* Pods_NoteFind.framework in Frameworks */,
			);
			runOnlyForDeploymentPostprocessing = 0;
		};
		EEA455BA2874C79C00261F9C /* Frameworks */ = {
			isa = PBXFrameworksBuildPhase;
			buildActionMask = 2147483647;
			files = (
				A22A03E60D145B7928407E28 /* Pods_NoteFindTests.framework in Frameworks */,
			);
			runOnlyForDeploymentPostprocessing = 0;
		};
		EEA455C42874C79C00261F9C /* Frameworks */ = {
			isa = PBXFrameworksBuildPhase;
			buildActionMask = 2147483647;
			files = (
				22E4DC1EBE04DD7194609B0B /* Pods_NoteFind_NoteFindUITests.framework in Frameworks */,
			);
			runOnlyForDeploymentPostprocessing = 0;
		};
/* End PBXFrameworksBuildPhase section */

/* Begin PBXGroup section */
		604A2B50AECA52F139379FD0 /* Pods */ = {
			isa = PBXGroup;
			children = (
				6631E7301B2BA5F36119E176 /* Pods-NoteFind.debug.xcconfig */,
				F37D7FE5DC035AC93D161E51 /* Pods-NoteFind.release.xcconfig */,
				D41CFF7DBE38FA618F7A6DE2 /* Pods-NoteFind-NoteFindUITests.debug.xcconfig */,
				1D14BD2007082E5D83D496FE /* Pods-NoteFind-NoteFindUITests.release.xcconfig */,
				56762DA24DC49F5F0CBAB6E6 /* Pods-NoteFindTests.debug.xcconfig */,
				4EA8B15E620C3FF3583D0623 /* Pods-NoteFindTests.release.xcconfig */,
			);
			path = Pods;
			sourceTree = "<group>";
		};
		EE4FB19C2882152900B3429B /* Import-Files */ = {
			isa = PBXGroup;
			children = (
				EE4FB1AE288224EB00B3429B /* CameraImport.h */,
				EE4FB1AF288224EB00B3429B /* CameraImport.m */,
			);
			path = "Import-Files";
			sourceTree = "<group>";
		};
		EE6E86982877617C0044F65F /* API */ = {
			isa = PBXGroup;
			children = (
				EE6E8699287769AD0044F65F /* APIManager.h */,
				EE6E869A287769AD0044F65F /* APIManager.m */,
			);
			path = API;
			sourceTree = "<group>";
		};
		EEA455992874C79C00261F9C = {
			isa = PBXGroup;
			children = (
				EEA455A42874C79C00261F9C /* NoteFind */,
				EEA455C02874C79C00261F9C /* NoteFindTests */,
				EEA455CA2874C79C00261F9C /* NoteFindUITests */,
				EEA455A32874C79C00261F9C /* Products */,
				604A2B50AECA52F139379FD0 /* Pods */,
				FC069882ECB16929915AC8C4 /* Frameworks */,
			);
			sourceTree = "<group>";
		};
		EEA455A32874C79C00261F9C /* Products */ = {
			isa = PBXGroup;
			children = (
				EEA455A22874C79C00261F9C /* NoteFind.app */,
				EEA455BD2874C79C00261F9C /* NoteFindTests.xctest */,
				EEA455C72874C79C00261F9C /* NoteFindUITests.xctest */,
			);
			name = Products;
			sourceTree = "<group>";
		};
		EEA455A42874C79C00261F9C /* NoteFind */ = {
			isa = PBXGroup;
			children = (
				EE4FB19C2882152900B3429B /* Import-Files */,
				EE6E86982877617C0044F65F /* API */,
				EEA455DE2874DDD700261F9C /* Delegates */,
				EEA455DD2874DDCC00261F9C /* Views */,
				EEA455DC2874DDC000261F9C /* Models */,
				EEA455DB2874DDAA00261F9C /* View Controllers */,
				EEA455AE2874C79C00261F9C /* Main.storyboard */,
				EEA455B12874C79C00261F9C /* Assets.xcassets */,
				EEA455B32874C79C00261F9C /* LaunchScreen.storyboard */,
				EEA455B62874C79C00261F9C /* Info.plist */,
				EEA455B72874C79C00261F9C /* main.m */,
				EE6E869C287780AD0044F65F /* keys.plist */,
			);
			path = NoteFind;
			sourceTree = "<group>";
		};
		EEA455C02874C79C00261F9C /* NoteFindTests */ = {
			isa = PBXGroup;
			children = (
				EEA455C12874C79C00261F9C /* NoteFindTests.m */,
			);
			path = NoteFindTests;
			sourceTree = "<group>";
		};
		EEA455CA2874C79C00261F9C /* NoteFindUITests */ = {
			isa = PBXGroup;
			children = (
				EEA455CB2874C79C00261F9C /* NoteFindUITests.m */,
				EEA455CD2874C79C00261F9C /* NoteFindUITestsLaunchTests.m */,
			);
			path = NoteFindUITests;
			sourceTree = "<group>";
		};
		EEA455DB2874DDAA00261F9C /* View Controllers */ = {
			isa = PBXGroup;
			children = (
				EEA455DF2874DE2300261F9C /* LoginViewController.h */,
				EEA455E02874DE2300261F9C /* LoginViewController.m */,
				EEA455E22874E06F00261F9C /* RegisterViewController.h */,
				EEA455E32874E06F00261F9C /* RegisterViewController.m */,
				EE285DBE28761B5100BC7FF0 /* ProfileViewController.h */,
				EE285DBF28761B5100BC7FF0 /* ProfileViewController.m */,
				EE285DC128761B5C00BC7FF0 /* SearchViewController.h */,
				EE285DC228761B5C00BC7FF0 /* SearchViewController.m */,
				EE285DC428761B7000BC7FF0 /* FeedViewController.h */,
				EE285DC528761B7000BC7FF0 /* FeedViewController.m */,
				EE6E86A72878A7D00044F65F /* NewNoteViewController.h */,
				EE6E86A82878A7D00044F65F /* NewNoteViewController.m */,
				EE6E86AA2878AEFE0044F65F /* TagsViewController.h */,
				EE6E86AB2878AEFE0044F65F /* TagsViewController.m */,
				EEEAC5AF287DF57D00A8659B /* TextbookViewController.h */,
				EEEAC5B0287DF57D00A8659B /* TextbookViewController.m */,
			);
			path = "View Controllers";
			sourceTree = "<group>";
		};
		EEA455DC2874DDC000261F9C /* Models */ = {
			isa = PBXGroup;
			children = (
				EE6E86A12878A1B80044F65F /* Note.h */,
				EE6E86A22878A1B80044F65F /* Note.m */,
				EE6E86B02878D7ED0044F65F /* Tags.h */,
				EE6E86B12878D7ED0044F65F /* Tags.m */,
				EE6E4BC5287CEF3200FC068D /* Book.h */,
				EE6E4BC6287CEF3200FC068D /* Book.m */,
			);
			path = Models;
			sourceTree = "<group>";
		};
		EEA455DD2874DDCC00261F9C /* Views */ = {
			isa = PBXGroup;
			children = (
				EE6E86A42878A76A0044F65F /* NoteCell.h */,
				EE6E86A52878A76A0044F65F /* NoteCell.m */,
				EE6E86AD2878AF200044F65F /* TagCell.h */,
				EE6E86AE2878AF200044F65F /* TagCell.m */,
				EEEAC5B2287DF6C600A8659B /* BookCell.h */,
				EEEAC5B3287DF6C600A8659B /* BookCell.m */,
			);
			path = Views;
			sourceTree = "<group>";
		};
		EEA455DE2874DDD700261F9C /* Delegates */ = {
			isa = PBXGroup;
			children = (
				EEA455A52874C79C00261F9C /* AppDelegate.h */,
				EEA455A62874C79C00261F9C /* AppDelegate.m */,
				EEA455A82874C79C00261F9C /* SceneDelegate.h */,
				EEA455A92874C79C00261F9C /* SceneDelegate.m */,
				EEEAC5B5287E315600A8659B /* TransferDelegate.h */,
				EE4FB1A628821AF600B3429B /* ImportDelegate.h */,
			);
			path = Delegates;
			sourceTree = "<group>";
		};
		FC069882ECB16929915AC8C4 /* Frameworks */ = {
			isa = PBXGroup;
			children = (
				F2B106584A70E4BBA992621B /* Pods_NoteFind.framework */,
				910F4DAD409AE04503A054CC /* Pods_NoteFind_NoteFindUITests.framework */,
				F23C73B2235FE0FD72A4CFB2 /* Pods_NoteFindTests.framework */,
			);
			name = Frameworks;
			sourceTree = "<group>";
		};
/* End PBXGroup section */

/* Begin PBXNativeTarget section */
		EEA455A12874C79C00261F9C /* NoteFind */ = {
			isa = PBXNativeTarget;
			buildConfigurationList = EEA455D12874C79C00261F9C /* Build configuration list for PBXNativeTarget "NoteFind" */;
			buildPhases = (
				CB06530E7FBAD097B0888858 /* [CP] Check Pods Manifest.lock */,
				EEA4559E2874C79C00261F9C /* Sources */,
				EEA4559F2874C79C00261F9C /* Frameworks */,
				EEA455A02874C79C00261F9C /* Resources */,
				1FC12517804C9423885F5DE9 /* [CP] Embed Pods Frameworks */,
			);
			buildRules = (
			);
			dependencies = (
			);
			name = NoteFind;
			productName = NoteFind;
			productReference = EEA455A22874C79C00261F9C /* NoteFind.app */;
			productType = "com.apple.product-type.application";
		};
		EEA455BC2874C79C00261F9C /* NoteFindTests */ = {
			isa = PBXNativeTarget;
			buildConfigurationList = EEA455D42874C79C00261F9C /* Build configuration list for PBXNativeTarget "NoteFindTests" */;
			buildPhases = (
				2A423EA09E32AC959558F9E2 /* [CP] Check Pods Manifest.lock */,
				EEA455B92874C79C00261F9C /* Sources */,
				EEA455BA2874C79C00261F9C /* Frameworks */,
				EEA455BB2874C79C00261F9C /* Resources */,
			);
			buildRules = (
			);
			dependencies = (
				EEA455BF2874C79C00261F9C /* PBXTargetDependency */,
			);
			name = NoteFindTests;
			productName = NoteFindTests;
			productReference = EEA455BD2874C79C00261F9C /* NoteFindTests.xctest */;
			productType = "com.apple.product-type.bundle.unit-test";
		};
		EEA455C62874C79C00261F9C /* NoteFindUITests */ = {
			isa = PBXNativeTarget;
			buildConfigurationList = EEA455D72874C79C00261F9C /* Build configuration list for PBXNativeTarget "NoteFindUITests" */;
			buildPhases = (
				B4A9B0AF924827EDCD69962F /* [CP] Check Pods Manifest.lock */,
				EEA455C32874C79C00261F9C /* Sources */,
				EEA455C42874C79C00261F9C /* Frameworks */,
				EEA455C52874C79C00261F9C /* Resources */,
				227D2B53EBC2F3B07F61F631 /* [CP] Embed Pods Frameworks */,
			);
			buildRules = (
			);
			dependencies = (
				EEA455C92874C79C00261F9C /* PBXTargetDependency */,
			);
			name = NoteFindUITests;
			productName = NoteFindUITests;
			productReference = EEA455C72874C79C00261F9C /* NoteFindUITests.xctest */;
			productType = "com.apple.product-type.bundle.ui-testing";
		};
/* End PBXNativeTarget section */

/* Begin PBXProject section */
		EEA4559A2874C79C00261F9C /* Project object */ = {
			isa = PBXProject;
			attributes = {
				BuildIndependentTargetsInParallel = 1;
				LastUpgradeCheck = 1340;
				TargetAttributes = {
					EEA455A12874C79C00261F9C = {
						CreatedOnToolsVersion = 13.4.1;
					};
					EEA455BC2874C79C00261F9C = {
						CreatedOnToolsVersion = 13.4.1;
						TestTargetID = EEA455A12874C79C00261F9C;
					};
					EEA455C62874C79C00261F9C = {
						CreatedOnToolsVersion = 13.4.1;
						TestTargetID = EEA455A12874C79C00261F9C;
					};
				};
			};
			buildConfigurationList = EEA4559D2874C79C00261F9C /* Build configuration list for PBXProject "NoteFind" */;
			compatibilityVersion = "Xcode 13.0";
			developmentRegion = en;
			hasScannedForEncodings = 0;
			knownRegions = (
				en,
				Base,
			);
			mainGroup = EEA455992874C79C00261F9C;
			productRefGroup = EEA455A32874C79C00261F9C /* Products */;
			projectDirPath = "";
			projectRoot = "";
			targets = (
				EEA455A12874C79C00261F9C /* NoteFind */,
				EEA455BC2874C79C00261F9C /* NoteFindTests */,
				EEA455C62874C79C00261F9C /* NoteFindUITests */,
			);
		};
/* End PBXProject section */

/* Begin PBXResourcesBuildPhase section */
		EEA455A02874C79C00261F9C /* Resources */ = {
			isa = PBXResourcesBuildPhase;
			buildActionMask = 2147483647;
			files = (
				EE6E869D287780AD0044F65F /* keys.plist in Resources */,
				EEA455B52874C79C00261F9C /* LaunchScreen.storyboard in Resources */,
				EEA455B22874C79C00261F9C /* Assets.xcassets in Resources */,
				EEA455B02874C79C00261F9C /* Main.storyboard in Resources */,
			);
			runOnlyForDeploymentPostprocessing = 0;
		};
		EEA455BB2874C79C00261F9C /* Resources */ = {
			isa = PBXResourcesBuildPhase;
			buildActionMask = 2147483647;
			files = (
			);
			runOnlyForDeploymentPostprocessing = 0;
		};
		EEA455C52874C79C00261F9C /* Resources */ = {
			isa = PBXResourcesBuildPhase;
			buildActionMask = 2147483647;
			files = (
			);
			runOnlyForDeploymentPostprocessing = 0;
		};
/* End PBXResourcesBuildPhase section */

/* Begin PBXShellScriptBuildPhase section */
		1FC12517804C9423885F5DE9 /* [CP] Embed Pods Frameworks */ = {
			isa = PBXShellScriptBuildPhase;
			buildActionMask = 2147483647;
			files = (
			);
			inputFileListPaths = (
				"${PODS_ROOT}/Target Support Files/Pods-NoteFind/Pods-NoteFind-frameworks-${CONFIGURATION}-input-files.xcfilelist",
			);
			name = "[CP] Embed Pods Frameworks";
			outputFileListPaths = (
				"${PODS_ROOT}/Target Support Files/Pods-NoteFind/Pods-NoteFind-frameworks-${CONFIGURATION}-output-files.xcfilelist",
			);
			runOnlyForDeploymentPostprocessing = 0;
			shellPath = /bin/sh;
			shellScript = "\"${PODS_ROOT}/Target Support Files/Pods-NoteFind/Pods-NoteFind-frameworks.sh\"\n";
			showEnvVarsInLog = 0;
		};
		227D2B53EBC2F3B07F61F631 /* [CP] Embed Pods Frameworks */ = {
			isa = PBXShellScriptBuildPhase;
			buildActionMask = 2147483647;
			files = (
			);
			inputFileListPaths = (
				"${PODS_ROOT}/Target Support Files/Pods-NoteFind-NoteFindUITests/Pods-NoteFind-NoteFindUITests-frameworks-${CONFIGURATION}-input-files.xcfilelist",
			);
			name = "[CP] Embed Pods Frameworks";
			outputFileListPaths = (
				"${PODS_ROOT}/Target Support Files/Pods-NoteFind-NoteFindUITests/Pods-NoteFind-NoteFindUITests-frameworks-${CONFIGURATION}-output-files.xcfilelist",
			);
			runOnlyForDeploymentPostprocessing = 0;
			shellPath = /bin/sh;
			shellScript = "\"${PODS_ROOT}/Target Support Files/Pods-NoteFind-NoteFindUITests/Pods-NoteFind-NoteFindUITests-frameworks.sh\"\n";
			showEnvVarsInLog = 0;
		};
		2A423EA09E32AC959558F9E2 /* [CP] Check Pods Manifest.lock */ = {
			isa = PBXShellScriptBuildPhase;
			buildActionMask = 2147483647;
			files = (
			);
			inputFileListPaths = (
			);
			inputPaths = (
				"${PODS_PODFILE_DIR_PATH}/Podfile.lock",
				"${PODS_ROOT}/Manifest.lock",
			);
			name = "[CP] Check Pods Manifest.lock";
			outputFileListPaths = (
			);
			outputPaths = (
				"$(DERIVED_FILE_DIR)/Pods-NoteFindTests-checkManifestLockResult.txt",
			);
			runOnlyForDeploymentPostprocessing = 0;
			shellPath = /bin/sh;
			shellScript = "diff \"${PODS_PODFILE_DIR_PATH}/Podfile.lock\" \"${PODS_ROOT}/Manifest.lock\" > /dev/null\nif [ $? != 0 ] ; then\n    # print error to STDERR\n    echo \"error: The sandbox is not in sync with the Podfile.lock. Run 'pod install' or update your CocoaPods installation.\" >&2\n    exit 1\nfi\n# This output is used by Xcode 'outputs' to avoid re-running this script phase.\necho \"SUCCESS\" > \"${SCRIPT_OUTPUT_FILE_0}\"\n";
			showEnvVarsInLog = 0;
		};
		B4A9B0AF924827EDCD69962F /* [CP] Check Pods Manifest.lock */ = {
			isa = PBXShellScriptBuildPhase;
			buildActionMask = 2147483647;
			files = (
			);
			inputFileListPaths = (
			);
			inputPaths = (
				"${PODS_PODFILE_DIR_PATH}/Podfile.lock",
				"${PODS_ROOT}/Manifest.lock",
			);
			name = "[CP] Check Pods Manifest.lock";
			outputFileListPaths = (
			);
			outputPaths = (
				"$(DERIVED_FILE_DIR)/Pods-NoteFind-NoteFindUITests-checkManifestLockResult.txt",
			);
			runOnlyForDeploymentPostprocessing = 0;
			shellPath = /bin/sh;
			shellScript = "diff \"${PODS_PODFILE_DIR_PATH}/Podfile.lock\" \"${PODS_ROOT}/Manifest.lock\" > /dev/null\nif [ $? != 0 ] ; then\n    # print error to STDERR\n    echo \"error: The sandbox is not in sync with the Podfile.lock. Run 'pod install' or update your CocoaPods installation.\" >&2\n    exit 1\nfi\n# This output is used by Xcode 'outputs' to avoid re-running this script phase.\necho \"SUCCESS\" > \"${SCRIPT_OUTPUT_FILE_0}\"\n";
			showEnvVarsInLog = 0;
		};
		CB06530E7FBAD097B0888858 /* [CP] Check Pods Manifest.lock */ = {
			isa = PBXShellScriptBuildPhase;
			buildActionMask = 2147483647;
			files = (
			);
			inputFileListPaths = (
			);
			inputPaths = (
				"${PODS_PODFILE_DIR_PATH}/Podfile.lock",
				"${PODS_ROOT}/Manifest.lock",
			);
			name = "[CP] Check Pods Manifest.lock";
			outputFileListPaths = (
			);
			outputPaths = (
				"$(DERIVED_FILE_DIR)/Pods-NoteFind-checkManifestLockResult.txt",
			);
			runOnlyForDeploymentPostprocessing = 0;
			shellPath = /bin/sh;
			shellScript = "diff \"${PODS_PODFILE_DIR_PATH}/Podfile.lock\" \"${PODS_ROOT}/Manifest.lock\" > /dev/null\nif [ $? != 0 ] ; then\n    # print error to STDERR\n    echo \"error: The sandbox is not in sync with the Podfile.lock. Run 'pod install' or update your CocoaPods installation.\" >&2\n    exit 1\nfi\n# This output is used by Xcode 'outputs' to avoid re-running this script phase.\necho \"SUCCESS\" > \"${SCRIPT_OUTPUT_FILE_0}\"\n";
			showEnvVarsInLog = 0;
		};
/* End PBXShellScriptBuildPhase section */

/* Begin PBXSourcesBuildPhase section */
		EEA4559E2874C79C00261F9C /* Sources */ = {
			isa = PBXSourcesBuildPhase;
			buildActionMask = 2147483647;
			files = (
				EE6E86AF2878AF200044F65F /* TagCell.m in Sources */,
				EEA455E42874E06F00261F9C /* RegisterViewController.m in Sources */,
				EEA455E12874DE2300261F9C /* LoginViewController.m in Sources */,
				EE6E869B287769AD0044F65F /* APIManager.m in Sources */,
				EE4FB1B0288224EB00B3429B /* CameraImport.m in Sources */,
				EEEAC5B4287DF6C600A8659B /* BookCell.m in Sources */,
				EE285DC628761B7000BC7FF0 /* FeedViewController.m in Sources */,
				EE6E86B22878D7ED0044F65F /* Tags.m in Sources */,
				EEEAC5B1287DF57D00A8659B /* TextbookViewController.m in Sources */,
				EE6E86AC2878AEFE0044F65F /* TagsViewController.m in Sources */,
				EEA455A72874C79C00261F9C /* AppDelegate.m in Sources */,
				EE6E86A92878A7D00044F65F /* NewNoteViewController.m in Sources */,
				EE6E86A32878A1B80044F65F /* Note.m in Sources */,
				EE6E86A62878A76A0044F65F /* NoteCell.m in Sources */,
				EEA455B82874C79C00261F9C /* main.m in Sources */,
				EE6E4BC7287CEF3200FC068D /* Book.m in Sources */,
				EE285DC028761B5100BC7FF0 /* ProfileViewController.m in Sources */,
				EEA455AA2874C79C00261F9C /* SceneDelegate.m in Sources */,
				EE285DC328761B5C00BC7FF0 /* SearchViewController.m in Sources */,
			);
			runOnlyForDeploymentPostprocessing = 0;
		};
		EEA455B92874C79C00261F9C /* Sources */ = {
			isa = PBXSourcesBuildPhase;
			buildActionMask = 2147483647;
			files = (
				EEA455C22874C79C00261F9C /* NoteFindTests.m in Sources */,
			);
			runOnlyForDeploymentPostprocessing = 0;
		};
		EEA455C32874C79C00261F9C /* Sources */ = {
			isa = PBXSourcesBuildPhase;
			buildActionMask = 2147483647;
			files = (
				EEA455CC2874C79C00261F9C /* NoteFindUITests.m in Sources */,
				EEA455CE2874C79C00261F9C /* NoteFindUITestsLaunchTests.m in Sources */,
			);
			runOnlyForDeploymentPostprocessing = 0;
		};
/* End PBXSourcesBuildPhase section */

/* Begin PBXTargetDependency section */
		EEA455BF2874C79C00261F9C /* PBXTargetDependency */ = {
			isa = PBXTargetDependency;
			target = EEA455A12874C79C00261F9C /* NoteFind */;
			targetProxy = EEA455BE2874C79C00261F9C /* PBXContainerItemProxy */;
		};
		EEA455C92874C79C00261F9C /* PBXTargetDependency */ = {
			isa = PBXTargetDependency;
			target = EEA455A12874C79C00261F9C /* NoteFind */;
			targetProxy = EEA455C82874C79C00261F9C /* PBXContainerItemProxy */;
		};
/* End PBXTargetDependency section */

/* Begin PBXVariantGroup section */
		EEA455AE2874C79C00261F9C /* Main.storyboard */ = {
			isa = PBXVariantGroup;
			children = (
				EEA455AF2874C79C00261F9C /* Base */,
			);
			name = Main.storyboard;
			sourceTree = "<group>";
		};
		EEA455B32874C79C00261F9C /* LaunchScreen.storyboard */ = {
			isa = PBXVariantGroup;
			children = (
				EEA455B42874C79C00261F9C /* Base */,
			);
			name = LaunchScreen.storyboard;
			sourceTree = "<group>";
		};
/* End PBXVariantGroup section */

/* Begin XCBuildConfiguration section */
		EEA455CF2874C79C00261F9C /* Debug */ = {
			isa = XCBuildConfiguration;
			buildSettings = {
				ALWAYS_SEARCH_USER_PATHS = NO;
				CLANG_ANALYZER_NONNULL = YES;
				CLANG_ANALYZER_NUMBER_OBJECT_CONVERSION = YES_AGGRESSIVE;
				CLANG_CXX_LANGUAGE_STANDARD = "gnu++17";
				CLANG_ENABLE_MODULES = YES;
				CLANG_ENABLE_OBJC_ARC = YES;
				CLANG_ENABLE_OBJC_WEAK = YES;
				CLANG_WARN_BLOCK_CAPTURE_AUTORELEASING = YES;
				CLANG_WARN_BOOL_CONVERSION = YES;
				CLANG_WARN_COMMA = YES;
				CLANG_WARN_CONSTANT_CONVERSION = YES;
				CLANG_WARN_DEPRECATED_OBJC_IMPLEMENTATIONS = YES;
				CLANG_WARN_DIRECT_OBJC_ISA_USAGE = YES_ERROR;
				CLANG_WARN_DOCUMENTATION_COMMENTS = YES;
				CLANG_WARN_EMPTY_BODY = YES;
				CLANG_WARN_ENUM_CONVERSION = YES;
				CLANG_WARN_INFINITE_RECURSION = YES;
				CLANG_WARN_INT_CONVERSION = YES;
				CLANG_WARN_NON_LITERAL_NULL_CONVERSION = YES;
				CLANG_WARN_OBJC_IMPLICIT_RETAIN_SELF = YES;
				CLANG_WARN_OBJC_LITERAL_CONVERSION = YES;
				CLANG_WARN_OBJC_ROOT_CLASS = YES_ERROR;
				CLANG_WARN_QUOTED_INCLUDE_IN_FRAMEWORK_HEADER = YES;
				CLANG_WARN_RANGE_LOOP_ANALYSIS = YES;
				CLANG_WARN_STRICT_PROTOTYPES = YES;
				CLANG_WARN_SUSPICIOUS_MOVE = YES;
				CLANG_WARN_UNGUARDED_AVAILABILITY = YES_AGGRESSIVE;
				CLANG_WARN_UNREACHABLE_CODE = YES;
				CLANG_WARN__DUPLICATE_METHOD_MATCH = YES;
				COPY_PHASE_STRIP = NO;
				DEBUG_INFORMATION_FORMAT = dwarf;
				ENABLE_STRICT_OBJC_MSGSEND = YES;
				ENABLE_TESTABILITY = YES;
				GCC_C_LANGUAGE_STANDARD = gnu11;
				GCC_DYNAMIC_NO_PIC = NO;
				GCC_NO_COMMON_BLOCKS = YES;
				GCC_OPTIMIZATION_LEVEL = 0;
				GCC_PREPROCESSOR_DEFINITIONS = (
					"DEBUG=1",
					"$(inherited)",
				);
				GCC_WARN_64_TO_32_BIT_CONVERSION = YES;
				GCC_WARN_ABOUT_RETURN_TYPE = YES_ERROR;
				GCC_WARN_UNDECLARED_SELECTOR = YES;
				GCC_WARN_UNINITIALIZED_AUTOS = YES_AGGRESSIVE;
				GCC_WARN_UNUSED_FUNCTION = YES;
				GCC_WARN_UNUSED_VARIABLE = YES;
				IPHONEOS_DEPLOYMENT_TARGET = 15.5;
				MTL_ENABLE_DEBUG_INFO = INCLUDE_SOURCE;
				MTL_FAST_MATH = YES;
				ONLY_ACTIVE_ARCH = YES;
				SDKROOT = iphoneos;
			};
			name = Debug;
		};
		EEA455D02874C79C00261F9C /* Release */ = {
			isa = XCBuildConfiguration;
			buildSettings = {
				ALWAYS_SEARCH_USER_PATHS = NO;
				CLANG_ANALYZER_NONNULL = YES;
				CLANG_ANALYZER_NUMBER_OBJECT_CONVERSION = YES_AGGRESSIVE;
				CLANG_CXX_LANGUAGE_STANDARD = "gnu++17";
				CLANG_ENABLE_MODULES = YES;
				CLANG_ENABLE_OBJC_ARC = YES;
				CLANG_ENABLE_OBJC_WEAK = YES;
				CLANG_WARN_BLOCK_CAPTURE_AUTORELEASING = YES;
				CLANG_WARN_BOOL_CONVERSION = YES;
				CLANG_WARN_COMMA = YES;
				CLANG_WARN_CONSTANT_CONVERSION = YES;
				CLANG_WARN_DEPRECATED_OBJC_IMPLEMENTATIONS = YES;
				CLANG_WARN_DIRECT_OBJC_ISA_USAGE = YES_ERROR;
				CLANG_WARN_DOCUMENTATION_COMMENTS = YES;
				CLANG_WARN_EMPTY_BODY = YES;
				CLANG_WARN_ENUM_CONVERSION = YES;
				CLANG_WARN_INFINITE_RECURSION = YES;
				CLANG_WARN_INT_CONVERSION = YES;
				CLANG_WARN_NON_LITERAL_NULL_CONVERSION = YES;
				CLANG_WARN_OBJC_IMPLICIT_RETAIN_SELF = YES;
				CLANG_WARN_OBJC_LITERAL_CONVERSION = YES;
				CLANG_WARN_OBJC_ROOT_CLASS = YES_ERROR;
				CLANG_WARN_QUOTED_INCLUDE_IN_FRAMEWORK_HEADER = YES;
				CLANG_WARN_RANGE_LOOP_ANALYSIS = YES;
				CLANG_WARN_STRICT_PROTOTYPES = YES;
				CLANG_WARN_SUSPICIOUS_MOVE = YES;
				CLANG_WARN_UNGUARDED_AVAILABILITY = YES_AGGRESSIVE;
				CLANG_WARN_UNREACHABLE_CODE = YES;
				CLANG_WARN__DUPLICATE_METHOD_MATCH = YES;
				COPY_PHASE_STRIP = NO;
				DEBUG_INFORMATION_FORMAT = "dwarf-with-dsym";
				ENABLE_NS_ASSERTIONS = NO;
				ENABLE_STRICT_OBJC_MSGSEND = YES;
				GCC_C_LANGUAGE_STANDARD = gnu11;
				GCC_NO_COMMON_BLOCKS = YES;
				GCC_WARN_64_TO_32_BIT_CONVERSION = YES;
				GCC_WARN_ABOUT_RETURN_TYPE = YES_ERROR;
				GCC_WARN_UNDECLARED_SELECTOR = YES;
				GCC_WARN_UNINITIALIZED_AUTOS = YES_AGGRESSIVE;
				GCC_WARN_UNUSED_FUNCTION = YES;
				GCC_WARN_UNUSED_VARIABLE = YES;
				IPHONEOS_DEPLOYMENT_TARGET = 15.5;
				MTL_ENABLE_DEBUG_INFO = NO;
				MTL_FAST_MATH = YES;
				SDKROOT = iphoneos;
				VALIDATE_PRODUCT = YES;
			};
			name = Release;
		};
		EEA455D22874C79C00261F9C /* Debug */ = {
			isa = XCBuildConfiguration;
			baseConfigurationReference = 6631E7301B2BA5F36119E176 /* Pods-NoteFind.debug.xcconfig */;
			buildSettings = {
				ASSETCATALOG_COMPILER_APPICON_NAME = AppIcon;
				ASSETCATALOG_COMPILER_GLOBAL_ACCENT_COLOR_NAME = AccentColor;
				CODE_SIGN_STYLE = Automatic;
				CURRENT_PROJECT_VERSION = 1;
				DEVELOPMENT_TEAM = LL534K8W99;
				GENERATE_INFOPLIST_FILE = YES;
				INFOPLIST_FILE = NoteFind/Info.plist;
				INFOPLIST_KEY_LSSupportsOpeningDocumentsInPlace = YES;
				INFOPLIST_KEY_NSCameraUsageDescription = "Need camera access to take pictures";
				INFOPLIST_KEY_NSPhotoLibraryUsageDescription = "Need library access to upload images";
				INFOPLIST_KEY_UIApplicationSupportsIndirectInputEvents = YES;
				INFOPLIST_KEY_UILaunchStoryboardName = LaunchScreen;
				INFOPLIST_KEY_UIMainStoryboardFile = Main;
				INFOPLIST_KEY_UISupportedInterfaceOrientations_iPad = "UIInterfaceOrientationPortrait UIInterfaceOrientationPortraitUpsideDown UIInterfaceOrientationLandscapeLeft UIInterfaceOrientationLandscapeRight";
				INFOPLIST_KEY_UISupportedInterfaceOrientations_iPhone = "UIInterfaceOrientationPortrait UIInterfaceOrientationLandscapeLeft UIInterfaceOrientationLandscapeRight";
				LD_RUNPATH_SEARCH_PATHS = (
					"$(inherited)",
					"@executable_path/Frameworks",
				);
				MARKETING_VERSION = 1.0;
				PRODUCT_BUNDLE_IDENTIFIER = com.fbu.NoteFind;
				PRODUCT_NAME = "$(TARGET_NAME)";
				SWIFT_EMIT_LOC_STRINGS = YES;
				TARGETED_DEVICE_FAMILY = "1,2";
			};
			name = Debug;
		};
		EEA455D32874C79C00261F9C /* Release */ = {
			isa = XCBuildConfiguration;
			baseConfigurationReference = F37D7FE5DC035AC93D161E51 /* Pods-NoteFind.release.xcconfig */;
			buildSettings = {
				ASSETCATALOG_COMPILER_APPICON_NAME = AppIcon;
				ASSETCATALOG_COMPILER_GLOBAL_ACCENT_COLOR_NAME = AccentColor;
				CODE_SIGN_STYLE = Automatic;
				CURRENT_PROJECT_VERSION = 1;
				DEVELOPMENT_TEAM = LL534K8W99;
				GENERATE_INFOPLIST_FILE = YES;
				INFOPLIST_FILE = NoteFind/Info.plist;
				INFOPLIST_KEY_LSSupportsOpeningDocumentsInPlace = YES;
				INFOPLIST_KEY_NSCameraUsageDescription = "Need camera access to take pictures";
				INFOPLIST_KEY_NSPhotoLibraryUsageDescription = "Need library access to upload images";
				INFOPLIST_KEY_UIApplicationSupportsIndirectInputEvents = YES;
				INFOPLIST_KEY_UILaunchStoryboardName = LaunchScreen;
				INFOPLIST_KEY_UIMainStoryboardFile = Main;
				INFOPLIST_KEY_UISupportedInterfaceOrientations_iPad = "UIInterfaceOrientationPortrait UIInterfaceOrientationPortraitUpsideDown UIInterfaceOrientationLandscapeLeft UIInterfaceOrientationLandscapeRight";
				INFOPLIST_KEY_UISupportedInterfaceOrientations_iPhone = "UIInterfaceOrientationPortrait UIInterfaceOrientationLandscapeLeft UIInterfaceOrientationLandscapeRight";
				LD_RUNPATH_SEARCH_PATHS = (
					"$(inherited)",
					"@executable_path/Frameworks",
				);
				MARKETING_VERSION = 1.0;
				PRODUCT_BUNDLE_IDENTIFIER = com.fbu.NoteFind;
				PRODUCT_NAME = "$(TARGET_NAME)";
				SWIFT_EMIT_LOC_STRINGS = YES;
				TARGETED_DEVICE_FAMILY = "1,2";
			};
			name = Release;
		};
		EEA455D52874C79C00261F9C /* Debug */ = {
			isa = XCBuildConfiguration;
			baseConfigurationReference = 56762DA24DC49F5F0CBAB6E6 /* Pods-NoteFindTests.debug.xcconfig */;
			buildSettings = {
				BUNDLE_LOADER = "$(TEST_HOST)";
				CODE_SIGN_STYLE = Automatic;
				CURRENT_PROJECT_VERSION = 1;
				DEVELOPMENT_TEAM = LL534K8W99;
				GENERATE_INFOPLIST_FILE = YES;
				IPHONEOS_DEPLOYMENT_TARGET = 15.5;
				MARKETING_VERSION = 1.0;
				PRODUCT_BUNDLE_IDENTIFIER = com.codepath.NoteFindTests;
				PRODUCT_NAME = "$(TARGET_NAME)";
				SWIFT_EMIT_LOC_STRINGS = NO;
				TARGETED_DEVICE_FAMILY = "1,2";
				TEST_HOST = "$(BUILT_PRODUCTS_DIR)/NoteFind.app/NoteFind";
			};
			name = Debug;
		};
		EEA455D62874C79C00261F9C /* Release */ = {
			isa = XCBuildConfiguration;
			baseConfigurationReference = 4EA8B15E620C3FF3583D0623 /* Pods-NoteFindTests.release.xcconfig */;
			buildSettings = {
				BUNDLE_LOADER = "$(TEST_HOST)";
				CODE_SIGN_STYLE = Automatic;
				CURRENT_PROJECT_VERSION = 1;
				DEVELOPMENT_TEAM = LL534K8W99;
				GENERATE_INFOPLIST_FILE = YES;
				IPHONEOS_DEPLOYMENT_TARGET = 15.5;
				MARKETING_VERSION = 1.0;
				PRODUCT_BUNDLE_IDENTIFIER = com.codepath.NoteFindTests;
				PRODUCT_NAME = "$(TARGET_NAME)";
				SWIFT_EMIT_LOC_STRINGS = NO;
				TARGETED_DEVICE_FAMILY = "1,2";
				TEST_HOST = "$(BUILT_PRODUCTS_DIR)/NoteFind.app/NoteFind";
			};
			name = Release;
		};
		EEA455D82874C79C00261F9C /* Debug */ = {
			isa = XCBuildConfiguration;
			baseConfigurationReference = D41CFF7DBE38FA618F7A6DE2 /* Pods-NoteFind-NoteFindUITests.debug.xcconfig */;
			buildSettings = {
				CODE_SIGN_STYLE = Automatic;
				CURRENT_PROJECT_VERSION = 1;
				DEVELOPMENT_TEAM = LL534K8W99;
				GENERATE_INFOPLIST_FILE = YES;
				MARKETING_VERSION = 1.0;
				PRODUCT_BUNDLE_IDENTIFIER = com.codepath.NoteFindUITests;
				PRODUCT_NAME = "$(TARGET_NAME)";
				SWIFT_EMIT_LOC_STRINGS = NO;
				TARGETED_DEVICE_FAMILY = "1,2";
				TEST_TARGET_NAME = NoteFind;
			};
			name = Debug;
		};
		EEA455D92874C79C00261F9C /* Release */ = {
			isa = XCBuildConfiguration;
			baseConfigurationReference = 1D14BD2007082E5D83D496FE /* Pods-NoteFind-NoteFindUITests.release.xcconfig */;
			buildSettings = {
				CODE_SIGN_STYLE = Automatic;
				CURRENT_PROJECT_VERSION = 1;
				DEVELOPMENT_TEAM = LL534K8W99;
				GENERATE_INFOPLIST_FILE = YES;
				MARKETING_VERSION = 1.0;
				PRODUCT_BUNDLE_IDENTIFIER = com.codepath.NoteFindUITests;
				PRODUCT_NAME = "$(TARGET_NAME)";
				SWIFT_EMIT_LOC_STRINGS = NO;
				TARGETED_DEVICE_FAMILY = "1,2";
				TEST_TARGET_NAME = NoteFind;
			};
			name = Release;
		};
/* End XCBuildConfiguration section */

/* Begin XCConfigurationList section */
		EEA4559D2874C79C00261F9C /* Build configuration list for PBXProject "NoteFind" */ = {
			isa = XCConfigurationList;
			buildConfigurations = (
				EEA455CF2874C79C00261F9C /* Debug */,
				EEA455D02874C79C00261F9C /* Release */,
			);
			defaultConfigurationIsVisible = 0;
			defaultConfigurationName = Release;
		};
		EEA455D12874C79C00261F9C /* Build configuration list for PBXNativeTarget "NoteFind" */ = {
			isa = XCConfigurationList;
			buildConfigurations = (
				EEA455D22874C79C00261F9C /* Debug */,
				EEA455D32874C79C00261F9C /* Release */,
			);
			defaultConfigurationIsVisible = 0;
			defaultConfigurationName = Release;
		};
		EEA455D42874C79C00261F9C /* Build configuration list for PBXNativeTarget "NoteFindTests" */ = {
			isa = XCConfigurationList;
			buildConfigurations = (
				EEA455D52874C79C00261F9C /* Debug */,
				EEA455D62874C79C00261F9C /* Release */,
			);
			defaultConfigurationIsVisible = 0;
			defaultConfigurationName = Release;
		};
		EEA455D72874C79C00261F9C /* Build configuration list for PBXNativeTarget "NoteFindUITests" */ = {
			isa = XCConfigurationList;
			buildConfigurations = (
				EEA455D82874C79C00261F9C /* Debug */,
				EEA455D92874C79C00261F9C /* Release */,
			);
			defaultConfigurationIsVisible = 0;
			defaultConfigurationName = Release;
		};
/* End XCConfigurationList section */
	};
	rootObject = EEA4559A2874C79C00261F9C /* Project object */;
}
